
Microsoft Visual Studio Solution File, Format Version 12.00
Project("{FAE04EC0-301F-11D3-BF4B-00C04F79EFBC}") = "Radix_cap.api", "Radix_cap.api\Radix_cap.api.csproj", "{EE684092-176A-4D54-BBEF-A6C16DDF1033}"
EndProject
Global
	GlobalSection(SolutionConfigurationPlatforms) = preSolution
		Debug|Any CPU = Debug|Any CPU
		Release|Any CPU = Release|Any CPU
	EndGlobalSection
	GlobalSection(ProjectConfigurationPlatforms) = postSolution
		{EE684092-176A-4D54-BBEF-A6C16DDF1033}.Debug|Any CPU.ActiveCfg = Debug|Any CPU
		{EE684092-176A-4D54-BBEF-A6C16DDF1033}.Debug|Any CPU.Build.0 = Debug|Any CPU
		{EE684092-176A-4D54-BBEF-A6C16DDF1033}.Release|Any CPU.ActiveCfg = Release|Any CPU
		{EE684092-176A-4D54-BBEF-A6C16DDF1033}.Release|Any CPU.Build.0 = Release|Any CPU
	EndGlobalSection
EndGlobal
